{
  "nodes": {
    "alot": {
      "flake": false,
      "locked": {
        "lastModified": 1690375968,
        "narHash": "sha256-WflEc9gsrdsv8cOZWuVTFLHX/LoqiFHNgYXtZowWWSE=",
        "owner": "pazz",
        "repo": "alot",
        "rev": "2e0dba37f9675eba7adbe13d429e1f37ff49b496",
        "type": "github"
      },
      "original": {
        "owner": "pazz",
        "repo": "alot",
        "type": "github"
      }
    },
    "nixpkgs": {
      "locked": {
        "lastModified": 1690535733,
        "narHash": "sha256-WgjUPscQOw3cB8yySDGlyzo6cZNihnRzUwE9kadv/5I=",
        "owner": "nixos",
        "repo": "nixpkgs",
        "rev": "8cacc05fbfffeaab910e8c2c9e2a7c6b32ce881a",
        "type": "github"
      },
      "original": {
        "owner": "nixos",
        "repo": "nixpkgs",
        "type": "github"
      }
    },
    "root": {
      "inputs": {
        "alot": "alot",
        "nixpkgs": "nixpkgs",
        "utils": "utils"
      }
    },
    "systems": {
      "locked": {
        "lastModified": 1681028828,
        "narHash": "sha256-Vy1rq5AaRuLzOxct8nz4T6wlgyUR7zLU309k9mBC768=",
        "owner": "nix-systems",
        "repo": "default",
        "rev": "da67096a3b9bf56a91d16901293e51ba5b49a27e",
        "type": "github"
      },
      "original": {
        "owner": "nix-systems",
        "repo": "default",
        "type": "github"
      }
    },
    "utils": {
      "inputs": {
        "systems": "systems"
      },
      "locked": {
        "lastModified": 1689068808,
        "narHash": "sha256-6ixXo3wt24N/melDWjq70UuHQLxGV8jZvooRanIHXw0=",
        "owner": "numtide",
        "repo": "flake-utils",
        "rev": "919d646de7be200f3bf08cb76ae1f09402b6f9b4",
        "type": "github"
      },
      "original": {
        "owner": "numtide",
        "repo": "flake-utils",
        "type": "github"
      }
    }
  },
  "root": "root",
  "version": 7
}
