{
  "nodes": {
    "alot": {
      "flake": false,
      "locked": {
        "lastModified": 1681326122,
        "narHash": "sha256-37YK8/hRpoBB2OC4khbRTVG8YVJauB7knX+GRUwrrEE=",
        "owner": "pazz",
        "repo": "alot",
        "rev": "6f3c3f066767e9a6ac36b66051a2d7e59c444637",
        "type": "github"
      },
      "original": {
        "owner": "pazz",
        "repo": "alot",
        "type": "github"
      }
    },
    "nixpkgs": {
      "locked": {
        "lastModified": 1679228083,
        "narHash": "sha256-W7eaJtFwJI5kOR1JPY7lS+UAS/0RMIAIC/6as9+FaSg=",
        "owner": "nixos",
        "repo": "nixpkgs",
        "rev": "bb16729664944850472d40b1c30012c17d45134e",
        "type": "github"
      },
      "original": {
        "owner": "nixos",
        "repo": "nixpkgs",
        "type": "github"
      }
    },
    "root": {
      "inputs": {
        "alot": "alot",
        "nixpkgs": "nixpkgs",
        "utils": "utils"
      }
    },
    "utils": {
      "locked": {
        "lastModified": 1678901627,
        "narHash": "sha256-U02riOqrKKzwjsxc/400XnElV+UtPUQWpANPlyazjH0=",
        "owner": "numtide",
        "repo": "flake-utils",
        "rev": "93a2b84fc4b70d9e089d029deacc3583435c2ed6",
        "type": "github"
      },
      "original": {
        "owner": "numtide",
        "repo": "flake-utils",
        "type": "github"
      }
    }
  },
  "root": "root",
  "version": 7
}
